
Microsoft Visual Studio Solution File, Format Version 12.00
# Visual Studio Version 17
VisualStudioVersion = 17.8.34525.116
MinimumVisualStudioVersion = 10.0.40219.1
Project("{8BC9CEB8-8B4A-11D0-8D11-00A0C91BC942}") = "250606Exam", "250606Exam.vcxproj", "{2C558463-044B-494F-A406-BD29B292E23C}"
EndProject
Project("{8BC9CEB8-8B4A-11D0-8D11-00A0C91BC942}") = "strgbackExam", "strgbackExam\strgbackExam.vcxproj", "{61803459-187C-4E84-8A42-DF61EEEE541E}"
EndProject
Project("{8BC9CEB8-8B4A-11D0-8D11-00A0C91BC942}") = "travelExam", "travelExam\travelExam.vcxproj", "{BE7C0CF5-255A-4938-B720-C3FD66C448F5}"
EndProject
Project("{8BC9CEB8-8B4A-11D0-8D11-00A0C91BC942}") = "mathStrctFunExam", "mathStrctFunExam\mathStrctFunExam.vcxproj", "{67202F83-3A2E-4B1E-8C6A-659858055040}"
EndProject
Project("{8BC9CEB8-8B4A-11D0-8D11-00A0C91BC942}") = "topFiveExam", "topFiveExam\topFiveExam.vcxproj", "{8394E4C3-0DE7-46C8-AF35-5AAE40CEFC5F}"
EndProject
Project("{8BC9CEB8-8B4A-11D0-8D11-00A0C91BC942}") = "arrObjExam", "arrObjExam\arrObjExam.vcxproj", "{5E2E0B8C-EEDC-490A-9E13-E5A003F7B27D}"
EndProject
Project("{8BC9CEB8-8B4A-11D0-8D11-00A0C91BC942}") = "recurExam", "recurExam\recurExam.vcxproj", "{20ABCC47-EFE3-4409-8CEC-454024434934}"
EndProject
Project("{8BC9CEB8-8B4A-11D0-8D11-00A0C91BC942}") = "rulerExam", "rulerExam\rulerExam.vcxproj", "{229A7554-CC41-456F-BC9D-4CEB91013069}"
EndProject
Project("{8BC9CEB8-8B4A-11D0-8D11-00A0C91BC942}") = "fun_ptrExam", "fun_ptrExam\fun_ptrExam.vcxproj", "{70D8619B-972E-4283-B665-8778AD76936F}"
EndProject
Project("{8BC9CEB8-8B4A-11D0-8D11-00A0C91BC942}") = "arfuptExam", "arfuptExam\arfuptExam.vcxproj", "{F41A6865-4832-413F-A561-934B04400FF9}"
EndProject
Global
	GlobalSection(SolutionConfigurationPlatforms) = preSolution
		Debug|x64 = Debug|x64
		Debug|x86 = Debug|x86
		Release|x64 = Release|x64
		Release|x86 = Release|x86
	EndGlobalSection
	GlobalSection(ProjectConfigurationPlatforms) = postSolution
		{2C558463-044B-494F-A406-BD29B292E23C}.Debug|x64.ActiveCfg = Debug|x64
		{2C558463-044B-494F-A406-BD29B292E23C}.Debug|x64.Build.0 = Debug|x64
		{2C558463-044B-494F-A406-BD29B292E23C}.Debug|x86.ActiveCfg = Debug|Win32
		{2C558463-044B-494F-A406-BD29B292E23C}.Debug|x86.Build.0 = Debug|Win32
		{2C558463-044B-494F-A406-BD29B292E23C}.Release|x64.ActiveCfg = Release|x64
		{2C558463-044B-494F-A406-BD29B292E23C}.Release|x64.Build.0 = Release|x64
		{2C558463-044B-494F-A406-BD29B292E23C}.Release|x86.ActiveCfg = Release|Win32
		{2C558463-044B-494F-A406-BD29B292E23C}.Release|x86.Build.0 = Release|Win32
		{61803459-187C-4E84-8A42-DF61EEEE541E}.Debug|x64.ActiveCfg = Debug|x64
		{61803459-187C-4E84-8A42-DF61EEEE541E}.Debug|x64.Build.0 = Debug|x64
		{61803459-187C-4E84-8A42-DF61EEEE541E}.Debug|x86.ActiveCfg = Debug|Win32
		{61803459-187C-4E84-8A42-DF61EEEE541E}.Debug|x86.Build.0 = Debug|Win32
		{61803459-187C-4E84-8A42-DF61EEEE541E}.Release|x64.ActiveCfg = Release|x64
		{61803459-187C-4E84-8A42-DF61EEEE541E}.Release|x64.Build.0 = Release|x64
		{61803459-187C-4E84-8A42-DF61EEEE541E}.Release|x86.ActiveCfg = Release|Win32
		{61803459-187C-4E84-8A42-DF61EEEE541E}.Release|x86.Build.0 = Release|Win32
		{BE7C0CF5-255A-4938-B720-C3FD66C448F5}.Debug|x64.ActiveCfg = Debug|x64
		{BE7C0CF5-255A-4938-B720-C3FD66C448F5}.Debug|x64.Build.0 = Debug|x64
		{BE7C0CF5-255A-4938-B720-C3FD66C448F5}.Debug|x86.ActiveCfg = Debug|Win32
		{BE7C0CF5-255A-4938-B720-C3FD66C448F5}.Debug|x86.Build.0 = Debug|Win32
		{BE7C0CF5-255A-4938-B720-C3FD66C448F5}.Release|x64.ActiveCfg = Release|x64
		{BE7C0CF5-255A-4938-B720-C3FD66C448F5}.Release|x64.Build.0 = Release|x64
		{BE7C0CF5-255A-4938-B720-C3FD66C448F5}.Release|x86.ActiveCfg = Release|Win32
		{BE7C0CF5-255A-4938-B720-C3FD66C448F5}.Release|x86.Build.0 = Release|Win32
		{67202F83-3A2E-4B1E-8C6A-659858055040}.Debug|x64.ActiveCfg = Debug|x64
		{67202F83-3A2E-4B1E-8C6A-659858055040}.Debug|x64.Build.0 = Debug|x64
		{67202F83-3A2E-4B1E-8C6A-659858055040}.Debug|x86.ActiveCfg = Debug|Win32
		{67202F83-3A2E-4B1E-8C6A-659858055040}.Debug|x86.Build.0 = Debug|Win32
		{67202F83-3A2E-4B1E-8C6A-659858055040}.Release|x64.ActiveCfg = Release|x64
		{67202F83-3A2E-4B1E-8C6A-659858055040}.Release|x64.Build.0 = Release|x64
		{67202F83-3A2E-4B1E-8C6A-659858055040}.Release|x86.ActiveCfg = Release|Win32
		{67202F83-3A2E-4B1E-8C6A-659858055040}.Release|x86.Build.0 = Release|Win32
		{8394E4C3-0DE7-46C8-AF35-5AAE40CEFC5F}.Debug|x64.ActiveCfg = Debug|x64
		{8394E4C3-0DE7-46C8-AF35-5AAE40CEFC5F}.Debug|x64.Build.0 = Debug|x64
		{8394E4C3-0DE7-46C8-AF35-5AAE40CEFC5F}.Debug|x86.ActiveCfg = Debug|Win32
		{8394E4C3-0DE7-46C8-AF35-5AAE40CEFC5F}.Debug|x86.Build.0 = Debug|Win32
		{8394E4C3-0DE7-46C8-AF35-5AAE40CEFC5F}.Release|x64.ActiveCfg = Release|x64
		{8394E4C3-0DE7-46C8-AF35-5AAE40CEFC5F}.Release|x64.Build.0 = Release|x64
		{8394E4C3-0DE7-46C8-AF35-5AAE40CEFC5F}.Release|x86.ActiveCfg = Release|Win32
		{8394E4C3-0DE7-46C8-AF35-5AAE40CEFC5F}.Release|x86.Build.0 = Release|Win32
		{5E2E0B8C-EEDC-490A-9E13-E5A003F7B27D}.Debug|x64.ActiveCfg = Debug|x64
		{5E2E0B8C-EEDC-490A-9E13-E5A003F7B27D}.Debug|x64.Build.0 = Debug|x64
		{5E2E0B8C-EEDC-490A-9E13-E5A003F7B27D}.Debug|x86.ActiveCfg = Debug|Win32
		{5E2E0B8C-EEDC-490A-9E13-E5A003F7B27D}.Debug|x86.Build.0 = Debug|Win32
		{5E2E0B8C-EEDC-490A-9E13-E5A003F7B27D}.Release|x64.ActiveCfg = Release|x64
		{5E2E0B8C-EEDC-490A-9E13-E5A003F7B27D}.Release|x64.Build.0 = Release|x64
		{5E2E0B8C-EEDC-490A-9E13-E5A003F7B27D}.Release|x86.ActiveCfg = Release|Win32
		{5E2E0B8C-EEDC-490A-9E13-E5A003F7B27D}.Release|x86.Build.0 = Release|Win32
		{20ABCC47-EFE3-4409-8CEC-454024434934}.Debug|x64.ActiveCfg = Debug|x64
		{20ABCC47-EFE3-4409-8CEC-454024434934}.Debug|x64.Build.0 = Debug|x64
		{20ABCC47-EFE3-4409-8CEC-454024434934}.Debug|x86.ActiveCfg = Debug|Win32
		{20ABCC47-EFE3-4409-8CEC-454024434934}.Debug|x86.Build.0 = Debug|Win32
		{20ABCC47-EFE3-4409-8CEC-454024434934}.Release|x64.ActiveCfg = Release|x64
		{20ABCC47-EFE3-4409-8CEC-454024434934}.Release|x64.Build.0 = Release|x64
		{20ABCC47-EFE3-4409-8CEC-454024434934}.Release|x86.ActiveCfg = Release|Win32
		{20ABCC47-EFE3-4409-8CEC-454024434934}.Release|x86.Build.0 = Release|Win32
		{229A7554-CC41-456F-BC9D-4CEB91013069}.Debug|x64.ActiveCfg = Debug|x64
		{229A7554-CC41-456F-BC9D-4CEB91013069}.Debug|x64.Build.0 = Debug|x64
		{229A7554-CC41-456F-BC9D-4CEB91013069}.Debug|x86.ActiveCfg = Debug|Win32
		{229A7554-CC41-456F-BC9D-4CEB91013069}.Debug|x86.Build.0 = Debug|Win32
		{229A7554-CC41-456F-BC9D-4CEB91013069}.Release|x64.ActiveCfg = Release|x64
		{229A7554-CC41-456F-BC9D-4CEB91013069}.Release|x64.Build.0 = Release|x64
		{229A7554-CC41-456F-BC9D-4CEB91013069}.Release|x86.ActiveCfg = Release|Win32
		{229A7554-CC41-456F-BC9D-4CEB91013069}.Release|x86.Build.0 = Release|Win32
		{70D8619B-972E-4283-B665-8778AD76936F}.Debug|x64.ActiveCfg = Debug|x64
		{70D8619B-972E-4283-B665-8778AD76936F}.Debug|x64.Build.0 = Debug|x64
		{70D8619B-972E-4283-B665-8778AD76936F}.Debug|x86.ActiveCfg = Debug|Win32
		{70D8619B-972E-4283-B665-8778AD76936F}.Debug|x86.Build.0 = Debug|Win32
		{70D8619B-972E-4283-B665-8778AD76936F}.Release|x64.ActiveCfg = Release|x64
		{70D8619B-972E-4283-B665-8778AD76936F}.Release|x64.Build.0 = Release|x64
		{70D8619B-972E-4283-B665-8778AD76936F}.Release|x86.ActiveCfg = Release|Win32
		{70D8619B-972E-4283-B665-8778AD76936F}.Release|x86.Build.0 = Release|Win32
		{F41A6865-4832-413F-A561-934B04400FF9}.Debug|x64.ActiveCfg = Debug|x64
		{F41A6865-4832-413F-A561-934B04400FF9}.Debug|x64.Build.0 = Debug|x64
		{F41A6865-4832-413F-A561-934B04400FF9}.Debug|x86.ActiveCfg = Debug|Win32
		{F41A6865-4832-413F-A561-934B04400FF9}.Debug|x86.Build.0 = Debug|Win32
		{F41A6865-4832-413F-A561-934B04400FF9}.Release|x64.ActiveCfg = Release|x64
		{F41A6865-4832-413F-A561-934B04400FF9}.Release|x64.Build.0 = Release|x64
		{F41A6865-4832-413F-A561-934B04400FF9}.Release|x86.ActiveCfg = Release|Win32
		{F41A6865-4832-413F-A561-934B04400FF9}.Release|x86.Build.0 = Release|Win32
	EndGlobalSection
	GlobalSection(SolutionProperties) = preSolution
		HideSolutionNode = FALSE
	EndGlobalSection
	GlobalSection(ExtensibilityGlobals) = postSolution
		SolutionGuid = {BEB3B344-C83A-47B2-AC4A-CC58567CB63C}
	EndGlobalSection
EndGlobal
