
Microsoft Visual Studio Solution File, Format Version 12.00
# Visual Studio Version 17
VisualStudioVersion = 17.12.35527.113
MinimumVisualStudioVersion = 10.0.40219.1
Project("{8BC9CEB8-8B4A-11D0-8D11-00A0C91BC942}") = "250529Exam", "250529Exam.vcxproj", "{ED55DEF8-A8CD-43C1-B52D-1ACE9BCFFDB8}"
EndProject
Project("{8BC9CEB8-8B4A-11D0-8D11-00A0C91BC942}") = "cinGetExam", "cinGetExam\cinGetExam.vcxproj", "{2D93EB11-79B6-4091-98BE-E807F5175BD0}"
EndProject
Project("{8BC9CEB8-8B4A-11D0-8D11-00A0C91BC942}") = "ArrayExam", "ArrayExam\ArrayExam.vcxproj", "{A37440F8-B8B4-436B-ABF2-1B1596787250}"
EndProject
Project("{8BC9CEB8-8B4A-11D0-8D11-00A0C91BC942}") = "Chapter5ExerciseCode", "Chapter5ExerciseCode\Chapter5ExerciseCode.vcxproj", "{E719D3BE-CA1D-4DA0-AFE5-707785A4FA09}"
EndProject
Project("{8BC9CEB8-8B4A-11D0-8D11-00A0C91BC942}") = "ifExam", "ifExam\ifExam.vcxproj", "{07FDD3AC-F7F8-4202-AFA8-CD6708F377B0}"
EndProject
Project("{8BC9CEB8-8B4A-11D0-8D11-00A0C91BC942}") = "randomNumExam", "randomNumExam\randomNumExam.vcxproj", "{C29205DE-0670-44EA-87A2-98C2057F6464}"
EndProject
Project("{8BC9CEB8-8B4A-11D0-8D11-00A0C91BC942}") = "andExam", "andExam\andExam.vcxproj", "{C7518764-5F2E-44A1-A2A6-DA7453194F8F}"
EndProject
Project("{8BC9CEB8-8B4A-11D0-8D11-00A0C91BC942}") = "notExam", "notExam\notExam.vcxproj", "{4197CAD1-3B55-4EB4-B391-95360A70D5A0}"
EndProject
Project("{8BC9CEB8-8B4A-11D0-8D11-00A0C91BC942}") = "ternaryOperExam", "ternaryOperExam\ternaryOperExam.vcxproj", "{96A4A163-1CD3-490D-BB58-CD8891226788}"
EndProject
Project("{8BC9CEB8-8B4A-11D0-8D11-00A0C91BC942}") = "cinFishExam", "cinFishExam\cinFishExam.vcxproj", "{B9A489B6-4464-4EFB-823F-EBC6517DE371}"
EndProject
Project("{8BC9CEB8-8B4A-11D0-8D11-00A0C91BC942}") = "textfileINPUTExam", "textfileINPUTExam\textfileINPUTExam.vcxproj", "{CEAF5156-10AB-48CC-B07C-33D04F862B74}"
EndProject
Project("{8BC9CEB8-8B4A-11D0-8D11-00A0C91BC942}") = "textfileOUTPUTExam", "textfileOUTPUTExam\textfileOUTPUTExam.vcxproj", "{C5AD180B-B393-4502-95C4-85312F7ACC40}"
EndProject
Global
	GlobalSection(SolutionConfigurationPlatforms) = preSolution
		Debug|x64 = Debug|x64
		Debug|x86 = Debug|x86
		Release|x64 = Release|x64
		Release|x86 = Release|x86
	EndGlobalSection
	GlobalSection(ProjectConfigurationPlatforms) = postSolution
		{ED55DEF8-A8CD-43C1-B52D-1ACE9BCFFDB8}.Debug|x64.ActiveCfg = Debug|x64
		{ED55DEF8-A8CD-43C1-B52D-1ACE9BCFFDB8}.Debug|x64.Build.0 = Debug|x64
		{ED55DEF8-A8CD-43C1-B52D-1ACE9BCFFDB8}.Debug|x86.ActiveCfg = Debug|Win32
		{ED55DEF8-A8CD-43C1-B52D-1ACE9BCFFDB8}.Debug|x86.Build.0 = Debug|Win32
		{ED55DEF8-A8CD-43C1-B52D-1ACE9BCFFDB8}.Release|x64.ActiveCfg = Release|x64
		{ED55DEF8-A8CD-43C1-B52D-1ACE9BCFFDB8}.Release|x64.Build.0 = Release|x64
		{ED55DEF8-A8CD-43C1-B52D-1ACE9BCFFDB8}.Release|x86.ActiveCfg = Release|Win32
		{ED55DEF8-A8CD-43C1-B52D-1ACE9BCFFDB8}.Release|x86.Build.0 = Release|Win32
		{2D93EB11-79B6-4091-98BE-E807F5175BD0}.Debug|x64.ActiveCfg = Debug|x64
		{2D93EB11-79B6-4091-98BE-E807F5175BD0}.Debug|x64.Build.0 = Debug|x64
		{2D93EB11-79B6-4091-98BE-E807F5175BD0}.Debug|x86.ActiveCfg = Debug|Win32
		{2D93EB11-79B6-4091-98BE-E807F5175BD0}.Debug|x86.Build.0 = Debug|Win32
		{2D93EB11-79B6-4091-98BE-E807F5175BD0}.Release|x64.ActiveCfg = Release|x64
		{2D93EB11-79B6-4091-98BE-E807F5175BD0}.Release|x64.Build.0 = Release|x64
		{2D93EB11-79B6-4091-98BE-E807F5175BD0}.Release|x86.ActiveCfg = Release|Win32
		{2D93EB11-79B6-4091-98BE-E807F5175BD0}.Release|x86.Build.0 = Release|Win32
		{A37440F8-B8B4-436B-ABF2-1B1596787250}.Debug|x64.ActiveCfg = Debug|x64
		{A37440F8-B8B4-436B-ABF2-1B1596787250}.Debug|x64.Build.0 = Debug|x64
		{A37440F8-B8B4-436B-ABF2-1B1596787250}.Debug|x86.ActiveCfg = Debug|Win32
		{A37440F8-B8B4-436B-ABF2-1B1596787250}.Debug|x86.Build.0 = Debug|Win32
		{A37440F8-B8B4-436B-ABF2-1B1596787250}.Release|x64.ActiveCfg = Release|x64
		{A37440F8-B8B4-436B-ABF2-1B1596787250}.Release|x64.Build.0 = Release|x64
		{A37440F8-B8B4-436B-ABF2-1B1596787250}.Release|x86.ActiveCfg = Release|Win32
		{A37440F8-B8B4-436B-ABF2-1B1596787250}.Release|x86.Build.0 = Release|Win32
		{E719D3BE-CA1D-4DA0-AFE5-707785A4FA09}.Debug|x64.ActiveCfg = Debug|x64
		{E719D3BE-CA1D-4DA0-AFE5-707785A4FA09}.Debug|x64.Build.0 = Debug|x64
		{E719D3BE-CA1D-4DA0-AFE5-707785A4FA09}.Debug|x86.ActiveCfg = Debug|Win32
		{E719D3BE-CA1D-4DA0-AFE5-707785A4FA09}.Debug|x86.Build.0 = Debug|Win32
		{E719D3BE-CA1D-4DA0-AFE5-707785A4FA09}.Release|x64.ActiveCfg = Release|x64
		{E719D3BE-CA1D-4DA0-AFE5-707785A4FA09}.Release|x64.Build.0 = Release|x64
		{E719D3BE-CA1D-4DA0-AFE5-707785A4FA09}.Release|x86.ActiveCfg = Release|Win32
		{E719D3BE-CA1D-4DA0-AFE5-707785A4FA09}.Release|x86.Build.0 = Release|Win32
		{07FDD3AC-F7F8-4202-AFA8-CD6708F377B0}.Debug|x64.ActiveCfg = Debug|x64
		{07FDD3AC-F7F8-4202-AFA8-CD6708F377B0}.Debug|x64.Build.0 = Debug|x64
		{07FDD3AC-F7F8-4202-AFA8-CD6708F377B0}.Debug|x86.ActiveCfg = Debug|Win32
		{07FDD3AC-F7F8-4202-AFA8-CD6708F377B0}.Debug|x86.Build.0 = Debug|Win32
		{07FDD3AC-F7F8-4202-AFA8-CD6708F377B0}.Release|x64.ActiveCfg = Release|x64
		{07FDD3AC-F7F8-4202-AFA8-CD6708F377B0}.Release|x64.Build.0 = Release|x64
		{07FDD3AC-F7F8-4202-AFA8-CD6708F377B0}.Release|x86.ActiveCfg = Release|Win32
		{07FDD3AC-F7F8-4202-AFA8-CD6708F377B0}.Release|x86.Build.0 = Release|Win32
		{C29205DE-0670-44EA-87A2-98C2057F6464}.Debug|x64.ActiveCfg = Debug|x64
		{C29205DE-0670-44EA-87A2-98C2057F6464}.Debug|x64.Build.0 = Debug|x64
		{C29205DE-0670-44EA-87A2-98C2057F6464}.Debug|x86.ActiveCfg = Debug|Win32
		{C29205DE-0670-44EA-87A2-98C2057F6464}.Debug|x86.Build.0 = Debug|Win32
		{C29205DE-0670-44EA-87A2-98C2057F6464}.Release|x64.ActiveCfg = Release|x64
		{C29205DE-0670-44EA-87A2-98C2057F6464}.Release|x64.Build.0 = Release|x64
		{C29205DE-0670-44EA-87A2-98C2057F6464}.Release|x86.ActiveCfg = Release|Win32
		{C29205DE-0670-44EA-87A2-98C2057F6464}.Release|x86.Build.0 = Release|Win32
		{C7518764-5F2E-44A1-A2A6-DA7453194F8F}.Debug|x64.ActiveCfg = Debug|x64
		{C7518764-5F2E-44A1-A2A6-DA7453194F8F}.Debug|x64.Build.0 = Debug|x64
		{C7518764-5F2E-44A1-A2A6-DA7453194F8F}.Debug|x86.ActiveCfg = Debug|Win32
		{C7518764-5F2E-44A1-A2A6-DA7453194F8F}.Debug|x86.Build.0 = Debug|Win32
		{C7518764-5F2E-44A1-A2A6-DA7453194F8F}.Release|x64.ActiveCfg = Release|x64
		{C7518764-5F2E-44A1-A2A6-DA7453194F8F}.Release|x64.Build.0 = Release|x64
		{C7518764-5F2E-44A1-A2A6-DA7453194F8F}.Release|x86.ActiveCfg = Release|Win32
		{C7518764-5F2E-44A1-A2A6-DA7453194F8F}.Release|x86.Build.0 = Release|Win32
		{4197CAD1-3B55-4EB4-B391-95360A70D5A0}.Debug|x64.ActiveCfg = Debug|x64
		{4197CAD1-3B55-4EB4-B391-95360A70D5A0}.Debug|x64.Build.0 = Debug|x64
		{4197CAD1-3B55-4EB4-B391-95360A70D5A0}.Debug|x86.ActiveCfg = Debug|Win32
		{4197CAD1-3B55-4EB4-B391-95360A70D5A0}.Debug|x86.Build.0 = Debug|Win32
		{4197CAD1-3B55-4EB4-B391-95360A70D5A0}.Release|x64.ActiveCfg = Release|x64
		{4197CAD1-3B55-4EB4-B391-95360A70D5A0}.Release|x64.Build.0 = Release|x64
		{4197CAD1-3B55-4EB4-B391-95360A70D5A0}.Release|x86.ActiveCfg = Release|Win32
		{4197CAD1-3B55-4EB4-B391-95360A70D5A0}.Release|x86.Build.0 = Release|Win32
		{96A4A163-1CD3-490D-BB58-CD8891226788}.Debug|x64.ActiveCfg = Debug|x64
		{96A4A163-1CD3-490D-BB58-CD8891226788}.Debug|x64.Build.0 = Debug|x64
		{96A4A163-1CD3-490D-BB58-CD8891226788}.Debug|x86.ActiveCfg = Debug|Win32
		{96A4A163-1CD3-490D-BB58-CD8891226788}.Debug|x86.Build.0 = Debug|Win32
		{96A4A163-1CD3-490D-BB58-CD8891226788}.Release|x64.ActiveCfg = Release|x64
		{96A4A163-1CD3-490D-BB58-CD8891226788}.Release|x64.Build.0 = Release|x64
		{96A4A163-1CD3-490D-BB58-CD8891226788}.Release|x86.ActiveCfg = Release|Win32
		{96A4A163-1CD3-490D-BB58-CD8891226788}.Release|x86.Build.0 = Release|Win32
		{B9A489B6-4464-4EFB-823F-EBC6517DE371}.Debug|x64.ActiveCfg = Debug|x64
		{B9A489B6-4464-4EFB-823F-EBC6517DE371}.Debug|x64.Build.0 = Debug|x64
		{B9A489B6-4464-4EFB-823F-EBC6517DE371}.Debug|x86.ActiveCfg = Debug|Win32
		{B9A489B6-4464-4EFB-823F-EBC6517DE371}.Debug|x86.Build.0 = Debug|Win32
		{B9A489B6-4464-4EFB-823F-EBC6517DE371}.Release|x64.ActiveCfg = Release|x64
		{B9A489B6-4464-4EFB-823F-EBC6517DE371}.Release|x64.Build.0 = Release|x64
		{B9A489B6-4464-4EFB-823F-EBC6517DE371}.Release|x86.ActiveCfg = Release|Win32
		{B9A489B6-4464-4EFB-823F-EBC6517DE371}.Release|x86.Build.0 = Release|Win32
		{CEAF5156-10AB-48CC-B07C-33D04F862B74}.Debug|x64.ActiveCfg = Debug|x64
		{CEAF5156-10AB-48CC-B07C-33D04F862B74}.Debug|x64.Build.0 = Debug|x64
		{CEAF5156-10AB-48CC-B07C-33D04F862B74}.Debug|x86.ActiveCfg = Debug|Win32
		{CEAF5156-10AB-48CC-B07C-33D04F862B74}.Debug|x86.Build.0 = Debug|Win32
		{CEAF5156-10AB-48CC-B07C-33D04F862B74}.Release|x64.ActiveCfg = Release|x64
		{CEAF5156-10AB-48CC-B07C-33D04F862B74}.Release|x64.Build.0 = Release|x64
		{CEAF5156-10AB-48CC-B07C-33D04F862B74}.Release|x86.ActiveCfg = Release|Win32
		{CEAF5156-10AB-48CC-B07C-33D04F862B74}.Release|x86.Build.0 = Release|Win32
		{C5AD180B-B393-4502-95C4-85312F7ACC40}.Debug|x64.ActiveCfg = Debug|x64
		{C5AD180B-B393-4502-95C4-85312F7ACC40}.Debug|x64.Build.0 = Debug|x64
		{C5AD180B-B393-4502-95C4-85312F7ACC40}.Debug|x86.ActiveCfg = Debug|Win32
		{C5AD180B-B393-4502-95C4-85312F7ACC40}.Debug|x86.Build.0 = Debug|Win32
		{C5AD180B-B393-4502-95C4-85312F7ACC40}.Release|x64.ActiveCfg = Release|x64
		{C5AD180B-B393-4502-95C4-85312F7ACC40}.Release|x64.Build.0 = Release|x64
		{C5AD180B-B393-4502-95C4-85312F7ACC40}.Release|x86.ActiveCfg = Release|Win32
		{C5AD180B-B393-4502-95C4-85312F7ACC40}.Release|x86.Build.0 = Release|Win32
	EndGlobalSection
	GlobalSection(SolutionProperties) = preSolution
		HideSolutionNode = FALSE
	EndGlobalSection
	GlobalSection(ExtensibilityGlobals) = postSolution
		SolutionGuid = {1B8C0196-BAD6-4338-804B-838D679CFF4B}
	EndGlobalSection
EndGlobal
